
Microsoft Visual Studio Solution File, Format Version 12.00
# Visual Studio Version 16
VisualStudioVersion = 16.0.29215.179
MinimumVisualStudioVersion = 10.0.40219.1
Project("{FAE04EC0-301F-11D3-BF4B-00C04F79EFBC}") = "Migrador", "DevKit.DataAccess\Migrador.csproj", "{12E2CE82-0027-4152-ABDF-FCEBE99AE4F7}"
EndProject
Project("{9A19103F-16F7-4668-BE54-9A1E7A4F7556}") = "Cache", "Cache\Cache.csproj", "{1CE1F79E-E141-432B-B0F6-0F8DDA026470}"
EndProject
Project("{9A19103F-16F7-4668-BE54-9A1E7A4F7556}") = "Integration", "Integration\Integration.csproj", "{578F0644-4DD7-468F-B272-E6CDBC2B077F}"
EndProject
Project("{9A19103F-16F7-4668-BE54-9A1E7A4F7556}") = "Master", "Master\Master.csproj", "{DD63F4DE-5733-4825-9257-DDD1449AA4CB}"
EndProject
Project("{9A19103F-16F7-4668-BE54-9A1E7A4F7556}") = "UnitTesting", "UnitTesting\UnitTesting.csproj", "{18A7D04E-5C57-4478-9319-CC39EB3356F4}"
EndProject
Global
	GlobalSection(SolutionConfigurationPlatforms) = preSolution
		Debug|Any CPU = Debug|Any CPU
		Develop|Any CPU = Develop|Any CPU
		Homolog|Any CPU = Homolog|Any CPU
		MassLoad|Any CPU = MassLoad|Any CPU
		QA|Any CPU = QA|Any CPU
		Release|Any CPU = Release|Any CPU
		Stress|Any CPU = Stress|Any CPU
		Validation|Any CPU = Validation|Any CPU
	EndGlobalSection
	GlobalSection(ProjectConfigurationPlatforms) = postSolution
		{12E2CE82-0027-4152-ABDF-FCEBE99AE4F7}.Debug|Any CPU.ActiveCfg = Debug|Any CPU
		{12E2CE82-0027-4152-ABDF-FCEBE99AE4F7}.Debug|Any CPU.Build.0 = Debug|Any CPU
		{12E2CE82-0027-4152-ABDF-FCEBE99AE4F7}.Develop|Any CPU.ActiveCfg = Debug|Any CPU
		{12E2CE82-0027-4152-ABDF-FCEBE99AE4F7}.Develop|Any CPU.Build.0 = Debug|Any CPU
		{12E2CE82-0027-4152-ABDF-FCEBE99AE4F7}.Homolog|Any CPU.ActiveCfg = Release|Any CPU
		{12E2CE82-0027-4152-ABDF-FCEBE99AE4F7}.Homolog|Any CPU.Build.0 = Release|Any CPU
		{12E2CE82-0027-4152-ABDF-FCEBE99AE4F7}.MassLoad|Any CPU.ActiveCfg = Release|Any CPU
		{12E2CE82-0027-4152-ABDF-FCEBE99AE4F7}.MassLoad|Any CPU.Build.0 = Release|Any CPU
		{12E2CE82-0027-4152-ABDF-FCEBE99AE4F7}.QA|Any CPU.ActiveCfg = Release|Any CPU
		{12E2CE82-0027-4152-ABDF-FCEBE99AE4F7}.QA|Any CPU.Build.0 = Release|Any CPU
		{12E2CE82-0027-4152-ABDF-FCEBE99AE4F7}.Release|Any CPU.ActiveCfg = Release|Any CPU
		{12E2CE82-0027-4152-ABDF-FCEBE99AE4F7}.Release|Any CPU.Build.0 = Release|Any CPU
		{12E2CE82-0027-4152-ABDF-FCEBE99AE4F7}.Stress|Any CPU.ActiveCfg = Release|Any CPU
		{12E2CE82-0027-4152-ABDF-FCEBE99AE4F7}.Stress|Any CPU.Build.0 = Release|Any CPU
		{12E2CE82-0027-4152-ABDF-FCEBE99AE4F7}.Validation|Any CPU.ActiveCfg = Release|Any CPU
		{12E2CE82-0027-4152-ABDF-FCEBE99AE4F7}.Validation|Any CPU.Build.0 = Release|Any CPU
		{1CE1F79E-E141-432B-B0F6-0F8DDA026470}.Debug|Any CPU.ActiveCfg = Debug|Any CPU
		{1CE1F79E-E141-432B-B0F6-0F8DDA026470}.Debug|Any CPU.Build.0 = Debug|Any CPU
		{1CE1F79E-E141-432B-B0F6-0F8DDA026470}.Develop|Any CPU.ActiveCfg = Debug|Any CPU
		{1CE1F79E-E141-432B-B0F6-0F8DDA026470}.Develop|Any CPU.Build.0 = Debug|Any CPU
		{1CE1F79E-E141-432B-B0F6-0F8DDA026470}.Homolog|Any CPU.ActiveCfg = Debug|Any CPU
		{1CE1F79E-E141-432B-B0F6-0F8DDA026470}.Homolog|Any CPU.Build.0 = Debug|Any CPU
		{1CE1F79E-E141-432B-B0F6-0F8DDA026470}.MassLoad|Any CPU.ActiveCfg = Debug|Any CPU
		{1CE1F79E-E141-432B-B0F6-0F8DDA026470}.MassLoad|Any CPU.Build.0 = Debug|Any CPU
		{1CE1F79E-E141-432B-B0F6-0F8DDA026470}.QA|Any CPU.ActiveCfg = Debug|Any CPU
		{1CE1F79E-E141-432B-B0F6-0F8DDA026470}.QA|Any CPU.Build.0 = Debug|Any CPU
		{1CE1F79E-E141-432B-B0F6-0F8DDA026470}.Release|Any CPU.ActiveCfg = Release|Any CPU
		{1CE1F79E-E141-432B-B0F6-0F8DDA026470}.Release|Any CPU.Build.0 = Release|Any CPU
		{1CE1F79E-E141-432B-B0F6-0F8DDA026470}.Stress|Any CPU.ActiveCfg = Debug|Any CPU
		{1CE1F79E-E141-432B-B0F6-0F8DDA026470}.Stress|Any CPU.Build.0 = Debug|Any CPU
		{1CE1F79E-E141-432B-B0F6-0F8DDA026470}.Validation|Any CPU.ActiveCfg = Debug|Any CPU
		{1CE1F79E-E141-432B-B0F6-0F8DDA026470}.Validation|Any CPU.Build.0 = Debug|Any CPU
		{578F0644-4DD7-468F-B272-E6CDBC2B077F}.Debug|Any CPU.ActiveCfg = Debug|Any CPU
		{578F0644-4DD7-468F-B272-E6CDBC2B077F}.Debug|Any CPU.Build.0 = Debug|Any CPU
		{578F0644-4DD7-468F-B272-E6CDBC2B077F}.Develop|Any CPU.ActiveCfg = Debug|Any CPU
		{578F0644-4DD7-468F-B272-E6CDBC2B077F}.Develop|Any CPU.Build.0 = Debug|Any CPU
		{578F0644-4DD7-468F-B272-E6CDBC2B077F}.Homolog|Any CPU.ActiveCfg = Debug|Any CPU
		{578F0644-4DD7-468F-B272-E6CDBC2B077F}.Homolog|Any CPU.Build.0 = Debug|Any CPU
		{578F0644-4DD7-468F-B272-E6CDBC2B077F}.MassLoad|Any CPU.ActiveCfg = MassLoad|Any CPU
		{578F0644-4DD7-468F-B272-E6CDBC2B077F}.MassLoad|Any CPU.Build.0 = MassLoad|Any CPU
		{578F0644-4DD7-468F-B272-E6CDBC2B077F}.QA|Any CPU.ActiveCfg = Debug|Any CPU
		{578F0644-4DD7-468F-B272-E6CDBC2B077F}.QA|Any CPU.Build.0 = Debug|Any CPU
		{578F0644-4DD7-468F-B272-E6CDBC2B077F}.Release|Any CPU.ActiveCfg = Release|Any CPU
		{578F0644-4DD7-468F-B272-E6CDBC2B077F}.Release|Any CPU.Build.0 = Release|Any CPU
		{578F0644-4DD7-468F-B272-E6CDBC2B077F}.Stress|Any CPU.ActiveCfg = Debug|Any CPU
		{578F0644-4DD7-468F-B272-E6CDBC2B077F}.Stress|Any CPU.Build.0 = Debug|Any CPU
		{578F0644-4DD7-468F-B272-E6CDBC2B077F}.Validation|Any CPU.ActiveCfg = Debug|Any CPU
		{578F0644-4DD7-468F-B272-E6CDBC2B077F}.Validation|Any CPU.Build.0 = Debug|Any CPU
		{DD63F4DE-5733-4825-9257-DDD1449AA4CB}.Debug|Any CPU.ActiveCfg = Debug|Any CPU
		{DD63F4DE-5733-4825-9257-DDD1449AA4CB}.Debug|Any CPU.Build.0 = Debug|Any CPU
		{DD63F4DE-5733-4825-9257-DDD1449AA4CB}.Develop|Any CPU.ActiveCfg = Develop|Any CPU
		{DD63F4DE-5733-4825-9257-DDD1449AA4CB}.Develop|Any CPU.Build.0 = Develop|Any CPU
		{DD63F4DE-5733-4825-9257-DDD1449AA4CB}.Homolog|Any CPU.ActiveCfg = Homolog|Any CPU
		{DD63F4DE-5733-4825-9257-DDD1449AA4CB}.Homolog|Any CPU.Build.0 = Homolog|Any CPU
		{DD63F4DE-5733-4825-9257-DDD1449AA4CB}.MassLoad|Any CPU.ActiveCfg = MassLoad|Any CPU
		{DD63F4DE-5733-4825-9257-DDD1449AA4CB}.MassLoad|Any CPU.Build.0 = MassLoad|Any CPU
		{DD63F4DE-5733-4825-9257-DDD1449AA4CB}.QA|Any CPU.ActiveCfg = QA|Any CPU
		{DD63F4DE-5733-4825-9257-DDD1449AA4CB}.QA|Any CPU.Build.0 = QA|Any CPU
		{DD63F4DE-5733-4825-9257-DDD1449AA4CB}.Release|Any CPU.ActiveCfg = Release|Any CPU
		{DD63F4DE-5733-4825-9257-DDD1449AA4CB}.Release|Any CPU.Build.0 = Release|Any CPU
		{DD63F4DE-5733-4825-9257-DDD1449AA4CB}.Stress|Any CPU.ActiveCfg = Debug|Any CPU
		{DD63F4DE-5733-4825-9257-DDD1449AA4CB}.Stress|Any CPU.Build.0 = Debug|Any CPU
		{DD63F4DE-5733-4825-9257-DDD1449AA4CB}.Validation|Any CPU.ActiveCfg = Debug|Any CPU
		{DD63F4DE-5733-4825-9257-DDD1449AA4CB}.Validation|Any CPU.Build.0 = Debug|Any CPU
		{18A7D04E-5C57-4478-9319-CC39EB3356F4}.Debug|Any CPU.ActiveCfg = Debug|Any CPU
		{18A7D04E-5C57-4478-9319-CC39EB3356F4}.Debug|Any CPU.Build.0 = Debug|Any CPU
		{18A7D04E-5C57-4478-9319-CC39EB3356F4}.Develop|Any CPU.ActiveCfg = Debug|Any CPU
		{18A7D04E-5C57-4478-9319-CC39EB3356F4}.Develop|Any CPU.Build.0 = Debug|Any CPU
		{18A7D04E-5C57-4478-9319-CC39EB3356F4}.Homolog|Any CPU.ActiveCfg = Debug|Any CPU
		{18A7D04E-5C57-4478-9319-CC39EB3356F4}.Homolog|Any CPU.Build.0 = Debug|Any CPU
		{18A7D04E-5C57-4478-9319-CC39EB3356F4}.MassLoad|Any CPU.ActiveCfg = Debug|Any CPU
		{18A7D04E-5C57-4478-9319-CC39EB3356F4}.MassLoad|Any CPU.Build.0 = Debug|Any CPU
		{18A7D04E-5C57-4478-9319-CC39EB3356F4}.QA|Any CPU.ActiveCfg = Debug|Any CPU
		{18A7D04E-5C57-4478-9319-CC39EB3356F4}.QA|Any CPU.Build.0 = Debug|Any CPU
		{18A7D04E-5C57-4478-9319-CC39EB3356F4}.Release|Any CPU.ActiveCfg = Release|Any CPU
		{18A7D04E-5C57-4478-9319-CC39EB3356F4}.Release|Any CPU.Build.0 = Release|Any CPU
		{18A7D04E-5C57-4478-9319-CC39EB3356F4}.Stress|Any CPU.ActiveCfg = Debug|Any CPU
		{18A7D04E-5C57-4478-9319-CC39EB3356F4}.Stress|Any CPU.Build.0 = Debug|Any CPU
		{18A7D04E-5C57-4478-9319-CC39EB3356F4}.Validation|Any CPU.ActiveCfg = Debug|Any CPU
		{18A7D04E-5C57-4478-9319-CC39EB3356F4}.Validation|Any CPU.Build.0 = Debug|Any CPU
	EndGlobalSection
	GlobalSection(SolutionProperties) = preSolution
		HideSolutionNode = FALSE
	EndGlobalSection
	GlobalSection(ExtensibilityGlobals) = postSolution
		SolutionGuid = {A5123F32-CEC1-4997-9871-B033ED571FEB}
	EndGlobalSection
EndGlobal
