
Microsoft Visual Studio Solution File, Format Version 12.00
# Visual Studio Version 16
VisualStudioVersion = 16.0.29215.179
MinimumVisualStudioVersion = 10.0.40219.1
Project("{FAE04EC0-301F-11D3-BF4B-00C04F79EFBC}") = "Migrador", "DevKit.DataAccess\Migrador.csproj", "{12E2CE82-0027-4152-ABDF-FCEBE99AE4F7}"
EndProject
Global
	GlobalSection(SolutionConfigurationPlatforms) = preSolution
		Debug|Any CPU = Debug|Any CPU
		Release|Any CPU = Release|Any CPU
		Stress|Any CPU = Stress|Any CPU
		Validation|Any CPU = Validation|Any CPU
	EndGlobalSection
	GlobalSection(ProjectConfigurationPlatforms) = postSolution
		{12E2CE82-0027-4152-ABDF-FCEBE99AE4F7}.Debug|Any CPU.ActiveCfg = Debug|Any CPU
		{12E2CE82-0027-4152-ABDF-FCEBE99AE4F7}.Debug|Any CPU.Build.0 = Debug|Any CPU
		{12E2CE82-0027-4152-ABDF-FCEBE99AE4F7}.Release|Any CPU.ActiveCfg = Release|Any CPU
		{12E2CE82-0027-4152-ABDF-FCEBE99AE4F7}.Release|Any CPU.Build.0 = Release|Any CPU
		{12E2CE82-0027-4152-ABDF-FCEBE99AE4F7}.Stress|Any CPU.ActiveCfg = Release|Any CPU
		{12E2CE82-0027-4152-ABDF-FCEBE99AE4F7}.Stress|Any CPU.Build.0 = Release|Any CPU
		{12E2CE82-0027-4152-ABDF-FCEBE99AE4F7}.Validation|Any CPU.ActiveCfg = Release|Any CPU
		{12E2CE82-0027-4152-ABDF-FCEBE99AE4F7}.Validation|Any CPU.Build.0 = Release|Any CPU
	EndGlobalSection
	GlobalSection(SolutionProperties) = preSolution
		HideSolutionNode = FALSE
	EndGlobalSection
	GlobalSection(ExtensibilityGlobals) = postSolution
		SolutionGuid = {A5123F32-CEC1-4997-9871-B033ED571FEB}
	EndGlobalSection
EndGlobal
