
Microsoft Visual Studio Solution File, Format Version 12.00
# Visual Studio Version 16
VisualStudioVersion = 16.0.29215.179
MinimumVisualStudioVersion = 10.0.40219.1
Project("{9A19103F-16F7-4668-BE54-9A1E7A4F7556}") = "Master", "Master\Master.csproj", "{D4E5AF63-2BDD-4E78-ADB7-06C9073E595D}"
EndProject
Project("{9A19103F-16F7-4668-BE54-9A1E7A4F7556}") = "Entities", "Entities\Entities.csproj", "{F15C66BC-0C9C-4074-B088-008AF18AD323}"
EndProject
Global
	GlobalSection(SolutionConfigurationPlatforms) = preSolution
		Debug|Any CPU = Debug|Any CPU
		Develop|Any CPU = Develop|Any CPU
		Homolog|Any CPU = Homolog|Any CPU
		QA|Any CPU = QA|Any CPU
		Release|Any CPU = Release|Any CPU
		Stress|Any CPU = Stress|Any CPU
		Validation|Any CPU = Validation|Any CPU
	EndGlobalSection
	GlobalSection(ProjectConfigurationPlatforms) = postSolution
		{D4E5AF63-2BDD-4E78-ADB7-06C9073E595D}.Debug|Any CPU.ActiveCfg = Debug|Any CPU
		{D4E5AF63-2BDD-4E78-ADB7-06C9073E595D}.Debug|Any CPU.Build.0 = Debug|Any CPU
		{D4E5AF63-2BDD-4E78-ADB7-06C9073E595D}.Develop|Any CPU.ActiveCfg = Develop|Any CPU
		{D4E5AF63-2BDD-4E78-ADB7-06C9073E595D}.Develop|Any CPU.Build.0 = Develop|Any CPU
		{D4E5AF63-2BDD-4E78-ADB7-06C9073E595D}.Homolog|Any CPU.ActiveCfg = Homolog|Any CPU
		{D4E5AF63-2BDD-4E78-ADB7-06C9073E595D}.Homolog|Any CPU.Build.0 = Homolog|Any CPU
		{D4E5AF63-2BDD-4E78-ADB7-06C9073E595D}.QA|Any CPU.ActiveCfg = QA|Any CPU
		{D4E5AF63-2BDD-4E78-ADB7-06C9073E595D}.QA|Any CPU.Build.0 = QA|Any CPU
		{D4E5AF63-2BDD-4E78-ADB7-06C9073E595D}.Release|Any CPU.ActiveCfg = Release|Any CPU
		{D4E5AF63-2BDD-4E78-ADB7-06C9073E595D}.Release|Any CPU.Build.0 = Release|Any CPU
		{D4E5AF63-2BDD-4E78-ADB7-06C9073E595D}.Stress|Any CPU.ActiveCfg = Develop|Any CPU
		{D4E5AF63-2BDD-4E78-ADB7-06C9073E595D}.Stress|Any CPU.Build.0 = Develop|Any CPU
		{D4E5AF63-2BDD-4E78-ADB7-06C9073E595D}.Validation|Any CPU.ActiveCfg = Develop|Any CPU
		{D4E5AF63-2BDD-4E78-ADB7-06C9073E595D}.Validation|Any CPU.Build.0 = Develop|Any CPU
		{F15C66BC-0C9C-4074-B088-008AF18AD323}.Debug|Any CPU.ActiveCfg = Debug|Any CPU
		{F15C66BC-0C9C-4074-B088-008AF18AD323}.Debug|Any CPU.Build.0 = Debug|Any CPU
		{F15C66BC-0C9C-4074-B088-008AF18AD323}.Develop|Any CPU.ActiveCfg = Develop|Any CPU
		{F15C66BC-0C9C-4074-B088-008AF18AD323}.Develop|Any CPU.Build.0 = Develop|Any CPU
		{F15C66BC-0C9C-4074-B088-008AF18AD323}.Homolog|Any CPU.ActiveCfg = Homolog|Any CPU
		{F15C66BC-0C9C-4074-B088-008AF18AD323}.Homolog|Any CPU.Build.0 = Homolog|Any CPU
		{F15C66BC-0C9C-4074-B088-008AF18AD323}.QA|Any CPU.ActiveCfg = QA|Any CPU
		{F15C66BC-0C9C-4074-B088-008AF18AD323}.QA|Any CPU.Build.0 = QA|Any CPU
		{F15C66BC-0C9C-4074-B088-008AF18AD323}.Release|Any CPU.ActiveCfg = Release|Any CPU
		{F15C66BC-0C9C-4074-B088-008AF18AD323}.Release|Any CPU.Build.0 = Release|Any CPU
		{F15C66BC-0C9C-4074-B088-008AF18AD323}.Stress|Any CPU.ActiveCfg = Develop|Any CPU
		{F15C66BC-0C9C-4074-B088-008AF18AD323}.Stress|Any CPU.Build.0 = Develop|Any CPU
		{F15C66BC-0C9C-4074-B088-008AF18AD323}.Validation|Any CPU.ActiveCfg = Develop|Any CPU
		{F15C66BC-0C9C-4074-B088-008AF18AD323}.Validation|Any CPU.Build.0 = Develop|Any CPU
	EndGlobalSection
	GlobalSection(SolutionProperties) = preSolution
		HideSolutionNode = FALSE
	EndGlobalSection
	GlobalSection(ExtensibilityGlobals) = postSolution
		SolutionGuid = {A5123F32-CEC1-4997-9871-B033ED571FEB}
	EndGlobalSection
EndGlobal
